// !$*UTF8*$!
{
	archiveVersion = 1;
	classes = {
	};
	objectVersion = 56;
	objects = {

/* Begin PBXBuildFile section */
		204EBE72292BE79B001504A3 /* AppDelegate.swift in Sources */ = {isa = PBXBuildFile; fileRef = 204EBE71292BE79B001504A3 /* AppDelegate.swift */; };
		204EBE74292BE79B001504A3 /* SceneDelegate.swift in Sources */ = {isa = PBXBuildFile; fileRef = 204EBE73292BE79B001504A3 /* SceneDelegate.swift */; };
		204EBE76292BE79B001504A3 /* MainViewController.swift in Sources */ = {isa = PBXBuildFile; fileRef = 204EBE75292BE79B001504A3 /* MainViewController.swift */; };
		204EBE79292BE79B001504A3 /* Main.storyboard in Resources */ = {isa = PBXBuildFile; fileRef = 204EBE77292BE79B001504A3 /* Main.storyboard */; };
		204EBE7B292BE79C001504A3 /* Assets.xcassets in Resources */ = {isa = PBXBuildFile; fileRef = 204EBE7A292BE79C001504A3 /* Assets.xcassets */; };
		204EBE7E292BE79C001504A3 /* LaunchScreen.storyboard in Resources */ = {isa = PBXBuildFile; fileRef = 204EBE7C292BE79C001504A3 /* LaunchScreen.storyboard */; };
		204EBE88292BE866001504A3 /* PianoView.swift in Sources */ = {isa = PBXBuildFile; fileRef = 204EBE87292BE866001504A3 /* PianoView.swift */; };
		204EBE8C292BEAD7001504A3 /* PianoViewController.swift in Sources */ = {isa = PBXBuildFile; fileRef = 204EBE8A292BEAD7001504A3 /* PianoViewController.swift */; };
		204EBE8D292BEAD7001504A3 /* PianoViewController.xib in Resources */ = {isa = PBXBuildFile; fileRef = 204EBE8B292BEAD7001504A3 /* PianoViewController.xib */; };
		20ACF720292C03F600B52186 /* 3.aif in Resources */ = {isa = PBXBuildFile; fileRef = 20ACF718292C03F600B52186 /* 3.aif */; };
		20ACF721292C03F600B52186 /* 5.aif in Resources */ = {isa = PBXBuildFile; fileRef = 20ACF719292C03F600B52186 /* 5.aif */; };
		20ACF722292C03F600B52186 /* 0.aif in Resources */ = {isa = PBXBuildFile; fileRef = 20ACF71A292C03F600B52186 /* 0.aif */; };
		20ACF723292C03F600B52186 /* 6.aif in Resources */ = {isa = PBXBuildFile; fileRef = 20ACF71B292C03F600B52186 /* 6.aif */; };
		20ACF724292C03F600B52186 /* 7.aif in Resources */ = {isa = PBXBuildFile; fileRef = 20ACF71C292C03F600B52186 /* 7.aif */; };
		20ACF725292C03F600B52186 /* 4.aif in Resources */ = {isa = PBXBuildFile; fileRef = 20ACF71D292C03F600B52186 /* 4.aif */; };
		20ACF726292C03F600B52186 /* 2.aif in Resources */ = {isa = PBXBuildFile; fileRef = 20ACF71E292C03F600B52186 /* 2.aif */; };
		20ACF727292C03F600B52186 /* 1.aif in Resources */ = {isa = PBXBuildFile; fileRef = 20ACF71F292C03F600B52186 /* 1.aif */; };
		20ACF730292C12A700B52186 /* 0.mp3 in Resources */ = {isa = PBXBuildFile; fileRef = 20ACF728292C12A700B52186 /* 0.mp3 */; };
		20ACF731292C12A700B52186 /* 5.mp3 in Resources */ = {isa = PBXBuildFile; fileRef = 20ACF729292C12A700B52186 /* 5.mp3 */; };
		20ACF732292C12A700B52186 /* 1.mp3 in Resources */ = {isa = PBXBuildFile; fileRef = 20ACF72A292C12A700B52186 /* 1.mp3 */; };
		20ACF733292C12A700B52186 /* 6.mp3 in Resources */ = {isa = PBXBuildFile; fileRef = 20ACF72B292C12A700B52186 /* 6.mp3 */; };
		20ACF734292C12A700B52186 /* 7.mp3 in Resources */ = {isa = PBXBuildFile; fileRef = 20ACF72C292C12A700B52186 /* 7.mp3 */; };
		20ACF735292C12A700B52186 /* 3.mp3 in Resources */ = {isa = PBXBuildFile; fileRef = 20ACF72D292C12A700B52186 /* 3.mp3 */; };
		20ACF736292C12A700B52186 /* 2.mp3 in Resources */ = {isa = PBXBuildFile; fileRef = 20ACF72E292C12A700B52186 /* 2.mp3 */; };
		20ACF737292C12A700B52186 /* 4.mp3 in Resources */ = {isa = PBXBuildFile; fileRef = 20ACF72F292C12A700B52186 /* 4.mp3 */; };
		20ACF73A292CD31100B52186 /* StoreKit.framework in Frameworks */ = {isa = PBXBuildFile; fileRef = 20ACF739292CD31100B52186 /* StoreKit.framework */; };
/* End PBXBuildFile section */

/* Begin PBXFileReference section */
		204EBE6E292BE79B001504A3 /* Baby Duck Piano.app */ = {isa = PBXFileReference; explicitFileType = wrapper.application; includeInIndex = 0; path = "Baby Duck Piano.app"; sourceTree = BUILT_PRODUCTS_DIR; };
		204EBE71292BE79B001504A3 /* AppDelegate.swift */ = {isa = PBXFileReference; lastKnownFileType = sourcecode.swift; path = AppDelegate.swift; sourceTree = "<group>"; };
		204EBE73292BE79B001504A3 /* SceneDelegate.swift */ = {isa = PBXFileReference; lastKnownFileType = sourcecode.swift; path = SceneDelegate.swift; sourceTree = "<group>"; };
		204EBE75292BE79B001504A3 /* MainViewController.swift */ = {isa = PBXFileReference; lastKnownFileType = sourcecode.swift; path = MainViewController.swift; sourceTree = "<group>"; };
		204EBE78292BE79B001504A3 /* Base */ = {isa = PBXFileReference; lastKnownFileType = file.storyboard; name = Base; path = Base.lproj/Main.storyboard; sourceTree = "<group>"; };
		204EBE7A292BE79C001504A3 /* Assets.xcassets */ = {isa = PBXFileReference; lastKnownFileType = folder.assetcatalog; path = Assets.xcassets; sourceTree = "<group>"; };
		204EBE7D292BE79C001504A3 /* Base */ = {isa = PBXFileReference; lastKnownFileType = file.storyboard; name = Base; path = Base.lproj/LaunchScreen.storyboard; sourceTree = "<group>"; };
		204EBE7F292BE79C001504A3 /* Info.plist */ = {isa = PBXFileReference; lastKnownFileType = text.plist.xml; path = Info.plist; sourceTree = "<group>"; };
		204EBE87292BE866001504A3 /* PianoView.swift */ = {isa = PBXFileReference; lastKnownFileType = sourcecode.swift; path = PianoView.swift; sourceTree = "<group>"; };
		204EBE8A292BEAD7001504A3 /* PianoViewController.swift */ = {isa = PBXFileReference; lastKnownFileType = sourcecode.swift; path = PianoViewController.swift; sourceTree = "<group>"; };
		204EBE8B292BEAD7001504A3 /* PianoViewController.xib */ = {isa = PBXFileReference; lastKnownFileType = file.xib; path = PianoViewController.xib; sourceTree = "<group>"; };
		20ACF718292C03F600B52186 /* 3.aif */ = {isa = PBXFileReference; lastKnownFileType = file; path = 3.aif; sourceTree = "<group>"; };
		20ACF719292C03F600B52186 /* 5.aif */ = {isa = PBXFileReference; lastKnownFileType = file; path = 5.aif; sourceTree = "<group>"; };
		20ACF71A292C03F600B52186 /* 0.aif */ = {isa = PBXFileReference; lastKnownFileType = file; path = 0.aif; sourceTree = "<group>"; };
		20ACF71B292C03F600B52186 /* 6.aif */ = {isa = PBXFileReference; lastKnownFileType = file; path = 6.aif; sourceTree = "<group>"; };
		20ACF71C292C03F600B52186 /* 7.aif */ = {isa = PBXFileReference; lastKnownFileType = file; path = 7.aif; sourceTree = "<group>"; };
		20ACF71D292C03F600B52186 /* 4.aif */ = {isa = PBXFileReference; lastKnownFileType = file; path = 4.aif; sourceTree = "<group>"; };
		20ACF71E292C03F600B52186 /* 2.aif */ = {isa = PBXFileReference; lastKnownFileType = file; path = 2.aif; sourceTree = "<group>"; };
		20ACF71F292C03F600B52186 /* 1.aif */ = {isa = PBXFileReference; lastKnownFileType = file; path = 1.aif; sourceTree = "<group>"; };
		20ACF728292C12A700B52186 /* 0.mp3 */ = {isa = PBXFileReference; lastKnownFileType = audio.mp3; path = 0.mp3; sourceTree = "<group>"; };
		20ACF729292C12A700B52186 /* 5.mp3 */ = {isa = PBXFileReference; lastKnownFileType = audio.mp3; path = 5.mp3; sourceTree = "<group>"; };
		20ACF72A292C12A700B52186 /* 1.mp3 */ = {isa = PBXFileReference; lastKnownFileType = audio.mp3; path = 1.mp3; sourceTree = "<group>"; };
		20ACF72B292C12A700B52186 /* 6.mp3 */ = {isa = PBXFileReference; lastKnownFileType = audio.mp3; path = 6.mp3; sourceTree = "<group>"; };
		20ACF72C292C12A700B52186 /* 7.mp3 */ = {isa = PBXFileReference; lastKnownFileType = audio.mp3; path = 7.mp3; sourceTree = "<group>"; };
		20ACF72D292C12A700B52186 /* 3.mp3 */ = {isa = PBXFileReference; lastKnownFileType = audio.mp3; path = 3.mp3; sourceTree = "<group>"; };
		20ACF72E292C12A700B52186 /* 2.mp3 */ = {isa = PBXFileReference; lastKnownFileType = audio.mp3; path = 2.mp3; sourceTree = "<group>"; };
		20ACF72F292C12A700B52186 /* 4.mp3 */ = {isa = PBXFileReference; lastKnownFileType = audio.mp3; path = 4.mp3; sourceTree = "<group>"; };
		20ACF739292CD31100B52186 /* StoreKit.framework */ = {isa = PBXFileReference; lastKnownFileType = wrapper.framework; name = StoreKit.framework; path = System/Library/Frameworks/StoreKit.framework; sourceTree = SDKROOT; };
		20ACF73B292CD3B600B52186 /* Baby Duck Piano.entitlements */ = {isa = PBXFileReference; lastKnownFileType = text.plist.entitlements; path = "Baby Duck Piano.entitlements"; sourceTree = "<group>"; };
/* End PBXFileReference section */

/* Begin PBXFrameworksBuildPhase section */
		204EBE6B292BE79B001504A3 /* Frameworks */ = {
			isa = PBXFrameworksBuildPhase;
			buildActionMask = 2147483647;
			files = (
				20ACF73A292CD31100B52186 /* StoreKit.framework in Frameworks */,
			);
			runOnlyForDeploymentPostprocessing = 0;
		};
/* End PBXFrameworksBuildPhase section */

/* Begin PBXGroup section */
		204EBE65292BE79B001504A3 = {
			isa = PBXGroup;
			children = (
				204EBE70292BE79B001504A3 /* Baby Duck Piano */,
				204EBE6F292BE79B001504A3 /* Products */,
				20ACF738292CD31100B52186 /* Frameworks */,
			);
			sourceTree = "<group>";
		};
		204EBE6F292BE79B001504A3 /* Products */ = {
			isa = PBXGroup;
			children = (
				204EBE6E292BE79B001504A3 /* Baby Duck Piano.app */,
			);
			name = Products;
			sourceTree = "<group>";
		};
		204EBE70292BE79B001504A3 /* Baby Duck Piano */ = {
			isa = PBXGroup;
			children = (
				20ACF717292C03E800B52186 /* sounds */,
				204EBE89292BEAC6001504A3 /* Piano View */,
				204EBE86292BE81A001504A3 /* Boilerplate */,
				204EBE85292BE80E001504A3 /* Main View */,
				204EBE71292BE79B001504A3 /* AppDelegate.swift */,
				204EBE7F292BE79C001504A3 /* Info.plist */,
				20ACF73B292CD3B600B52186 /* Baby Duck Piano.entitlements */,
			);
			path = "Baby Duck Piano";
			sourceTree = "<group>";
		};
		204EBE85292BE80E001504A3 /* Main View */ = {
			isa = PBXGroup;
			children = (
				204EBE77292BE79B001504A3 /* Main.storyboard */,
				204EBE75292BE79B001504A3 /* MainViewController.swift */,
			);
			path = "Main View";
			sourceTree = "<group>";
		};
		204EBE86292BE81A001504A3 /* Boilerplate */ = {
			isa = PBXGroup;
			children = (
				204EBE73292BE79B001504A3 /* SceneDelegate.swift */,
				204EBE7A292BE79C001504A3 /* Assets.xcassets */,
				204EBE7C292BE79C001504A3 /* LaunchScreen.storyboard */,
			);
			path = Boilerplate;
			sourceTree = "<group>";
		};
		204EBE89292BEAC6001504A3 /* Piano View */ = {
			isa = PBXGroup;
			children = (
				204EBE87292BE866001504A3 /* PianoView.swift */,
				204EBE8A292BEAD7001504A3 /* PianoViewController.swift */,
				204EBE8B292BEAD7001504A3 /* PianoViewController.xib */,
			);
			path = "Piano View";
			sourceTree = "<group>";
		};
		20ACF717292C03E800B52186 /* sounds */ = {
			isa = PBXGroup;
			children = (
				20ACF728292C12A700B52186 /* 0.mp3 */,
				20ACF72A292C12A700B52186 /* 1.mp3 */,
				20ACF72E292C12A700B52186 /* 2.mp3 */,
				20ACF72D292C12A700B52186 /* 3.mp3 */,
				20ACF72F292C12A700B52186 /* 4.mp3 */,
				20ACF729292C12A700B52186 /* 5.mp3 */,
				20ACF72B292C12A700B52186 /* 6.mp3 */,
				20ACF72C292C12A700B52186 /* 7.mp3 */,
				20ACF71A292C03F600B52186 /* 0.aif */,
				20ACF71F292C03F600B52186 /* 1.aif */,
				20ACF71E292C03F600B52186 /* 2.aif */,
				20ACF718292C03F600B52186 /* 3.aif */,
				20ACF71D292C03F600B52186 /* 4.aif */,
				20ACF719292C03F600B52186 /* 5.aif */,
				20ACF71B292C03F600B52186 /* 6.aif */,
				20ACF71C292C03F600B52186 /* 7.aif */,
			);
			path = sounds;
			sourceTree = "<group>";
		};
		20ACF738292CD31100B52186 /* Frameworks */ = {
			isa = PBXGroup;
			children = (
				20ACF739292CD31100B52186 /* StoreKit.framework */,
			);
			name = Frameworks;
			sourceTree = "<group>";
		};
/* End PBXGroup section */

/* Begin PBXNativeTarget section */
		204EBE6D292BE79B001504A3 /* Baby Duck Piano */ = {
			isa = PBXNativeTarget;
			buildConfigurationList = 204EBE82292BE79C001504A3 /* Build configuration list for PBXNativeTarget "Baby Duck Piano" */;
			buildPhases = (
				204EBE6A292BE79B001504A3 /* Sources */,
				204EBE6B292BE79B001504A3 /* Frameworks */,
				204EBE6C292BE79B001504A3 /* Resources */,
			);
			buildRules = (
			);
			dependencies = (
			);
			name = "Baby Duck Piano";
			productName = "Baby Duck Piano";
			productReference = 204EBE6E292BE79B001504A3 /* Baby Duck Piano.app */;
			productType = "com.apple.product-type.application";
		};
/* End PBXNativeTarget section */

/* Begin PBXProject section */
		204EBE66292BE79B001504A3 /* Project object */ = {
			isa = PBXProject;
			attributes = {
				BuildIndependentTargetsInParallel = 1;
				LastSwiftUpdateCheck = 1410;
				LastUpgradeCheck = 1410;
				TargetAttributes = {
					204EBE6D292BE79B001504A3 = {
						CreatedOnToolsVersion = 14.1;
					};
				};
			};
			buildConfigurationList = 204EBE69292BE79B001504A3 /* Build configuration list for PBXProject "Baby Duck Piano" */;
			compatibilityVersion = "Xcode 14.0";
			developmentRegion = en;
			hasScannedForEncodings = 0;
			knownRegions = (
				en,
				Base,
			);
			mainGroup = 204EBE65292BE79B001504A3;
			productRefGroup = 204EBE6F292BE79B001504A3 /* Products */;
			projectDirPath = "";
			projectRoot = "";
			targets = (
				204EBE6D292BE79B001504A3 /* Baby Duck Piano */,
			);
		};
/* End PBXProject section */

/* Begin PBXResourcesBuildPhase section */
		204EBE6C292BE79B001504A3 /* Resources */ = {
			isa = PBXResourcesBuildPhase;
			buildActionMask = 2147483647;
			files = (
				20ACF731292C12A700B52186 /* 5.mp3 in Resources */,
				20ACF730292C12A700B52186 /* 0.mp3 in Resources */,
				20ACF727292C03F600B52186 /* 1.aif in Resources */,
				20ACF737292C12A700B52186 /* 4.mp3 in Resources */,
				20ACF726292C03F600B52186 /* 2.aif in Resources */,
				20ACF736292C12A700B52186 /* 2.mp3 in Resources */,
				20ACF722292C03F600B52186 /* 0.aif in Resources */,
				20ACF723292C03F600B52186 /* 6.aif in Resources */,
				20ACF721292C03F600B52186 /* 5.aif in Resources */,
				204EBE7E292BE79C001504A3 /* LaunchScreen.storyboard in Resources */,
				204EBE7B292BE79C001504A3 /* Assets.xcassets in Resources */,
				20ACF733292C12A700B52186 /* 6.mp3 in Resources */,
				20ACF732292C12A700B52186 /* 1.mp3 in Resources */,
				20ACF725292C03F600B52186 /* 4.aif in Resources */,
				20ACF735292C12A700B52186 /* 3.mp3 in Resources */,
				20ACF720292C03F600B52186 /* 3.aif in Resources */,
				20ACF724292C03F600B52186 /* 7.aif in Resources */,
				204EBE8D292BEAD7001504A3 /* PianoViewController.xib in Resources */,
				204EBE79292BE79B001504A3 /* Main.storyboard in Resources */,
				20ACF734292C12A700B52186 /* 7.mp3 in Resources */,
			);
			runOnlyForDeploymentPostprocessing = 0;
		};
/* End PBXResourcesBuildPhase section */

/* Begin PBXSourcesBuildPhase section */
		204EBE6A292BE79B001504A3 /* Sources */ = {
			isa = PBXSourcesBuildPhase;
			buildActionMask = 2147483647;
			files = (
				204EBE88292BE866001504A3 /* PianoView.swift in Sources */,
				204EBE8C292BEAD7001504A3 /* PianoViewController.swift in Sources */,
				204EBE76292BE79B001504A3 /* MainViewController.swift in Sources */,
				204EBE72292BE79B001504A3 /* AppDelegate.swift in Sources */,
				204EBE74292BE79B001504A3 /* SceneDelegate.swift in Sources */,
			);
			runOnlyForDeploymentPostprocessing = 0;
		};
/* End PBXSourcesBuildPhase section */

/* Begin PBXVariantGroup section */
		204EBE77292BE79B001504A3 /* Main.storyboard */ = {
			isa = PBXVariantGroup;
			children = (
				204EBE78292BE79B001504A3 /* Base */,
			);
			name = Main.storyboard;
			sourceTree = "<group>";
		};
		204EBE7C292BE79C001504A3 /* LaunchScreen.storyboard */ = {
			isa = PBXVariantGroup;
			children = (
				204EBE7D292BE79C001504A3 /* Base */,
			);
			name = LaunchScreen.storyboard;
			sourceTree = "<group>";
		};
/* End PBXVariantGroup section */

/* Begin XCBuildConfiguration section */
		204EBE80292BE79C001504A3 /* Debug */ = {
			isa = XCBuildConfiguration;
			buildSettings = {
				ALWAYS_SEARCH_USER_PATHS = NO;
				CLANG_ANALYZER_NONNULL = YES;
				CLANG_ANALYZER_NUMBER_OBJECT_CONVERSION = YES_AGGRESSIVE;
				CLANG_CXX_LANGUAGE_STANDARD = "gnu++20";
				CLANG_ENABLE_MODULES = YES;
				CLANG_ENABLE_OBJC_ARC = YES;
				CLANG_ENABLE_OBJC_WEAK = YES;
				CLANG_WARN_BLOCK_CAPTURE_AUTORELEASING = YES;
				CLANG_WARN_BOOL_CONVERSION = YES;
				CLANG_WARN_COMMA = YES;
				CLANG_WARN_CONSTANT_CONVERSION = YES;
				CLANG_WARN_DEPRECATED_OBJC_IMPLEMENTATIONS = YES;
				CLANG_WARN_DIRECT_OBJC_ISA_USAGE = YES_ERROR;
				CLANG_WARN_DOCUMENTATION_COMMENTS = YES;
				CLANG_WARN_EMPTY_BODY = YES;
				CLANG_WARN_ENUM_CONVERSION = YES;
				CLANG_WARN_INFINITE_RECURSION = YES;
				CLANG_WARN_INT_CONVERSION = YES;
				CLANG_WARN_NON_LITERAL_NULL_CONVERSION = YES;
				CLANG_WARN_OBJC_IMPLICIT_RETAIN_SELF = YES;
				CLANG_WARN_OBJC_LITERAL_CONVERSION = YES;
				CLANG_WARN_OBJC_ROOT_CLASS = YES_ERROR;
				CLANG_WARN_QUOTED_INCLUDE_IN_FRAMEWORK_HEADER = YES;
				CLANG_WARN_RANGE_LOOP_ANALYSIS = YES;
				CLANG_WARN_STRICT_PROTOTYPES = YES;
				CLANG_WARN_SUSPICIOUS_MOVE = YES;
				CLANG_WARN_UNGUARDED_AVAILABILITY = YES_AGGRESSIVE;
				CLANG_WARN_UNREACHABLE_CODE = YES;
				CLANG_WARN__DUPLICATE_METHOD_MATCH = YES;
				COPY_PHASE_STRIP = NO;
				DEBUG_INFORMATION_FORMAT = dwarf;
				ENABLE_STRICT_OBJC_MSGSEND = YES;
				ENABLE_TESTABILITY = YES;
				GCC_C_LANGUAGE_STANDARD = gnu11;
				GCC_DYNAMIC_NO_PIC = NO;
				GCC_NO_COMMON_BLOCKS = YES;
				GCC_OPTIMIZATION_LEVEL = 0;
				GCC_PREPROCESSOR_DEFINITIONS = (
					"DEBUG=1",
					"$(inherited)",
				);
				GCC_WARN_64_TO_32_BIT_CONVERSION = YES;
				GCC_WARN_ABOUT_RETURN_TYPE = YES_ERROR;
				GCC_WARN_UNDECLARED_SELECTOR = YES;
				GCC_WARN_UNINITIALIZED_AUTOS = YES_AGGRESSIVE;
				GCC_WARN_UNUSED_FUNCTION = YES;
				GCC_WARN_UNUSED_VARIABLE = YES;
				IPHONEOS_DEPLOYMENT_TARGET = 16.1;
				MTL_ENABLE_DEBUG_INFO = INCLUDE_SOURCE;
				MTL_FAST_MATH = YES;
				ONLY_ACTIVE_ARCH = YES;
				SDKROOT = iphoneos;
				SWIFT_ACTIVE_COMPILATION_CONDITIONS = DEBUG;
				SWIFT_OPTIMIZATION_LEVEL = "-Onone";
			};
			name = Debug;
		};
		204EBE81292BE79C001504A3 /* Release */ = {
			isa = XCBuildConfiguration;
			buildSettings = {
				ALWAYS_SEARCH_USER_PATHS = NO;
				CLANG_ANALYZER_NONNULL = YES;
				CLANG_ANALYZER_NUMBER_OBJECT_CONVERSION = YES_AGGRESSIVE;
				CLANG_CXX_LANGUAGE_STANDARD = "gnu++20";
				CLANG_ENABLE_MODULES = YES;
				CLANG_ENABLE_OBJC_ARC = YES;
				CLANG_ENABLE_OBJC_WEAK = YES;
				CLANG_WARN_BLOCK_CAPTURE_AUTORELEASING = YES;
				CLANG_WARN_BOOL_CONVERSION = YES;
				CLANG_WARN_COMMA = YES;
				CLANG_WARN_CONSTANT_CONVERSION = YES;
				CLANG_WARN_DEPRECATED_OBJC_IMPLEMENTATIONS = YES;
				CLANG_WARN_DIRECT_OBJC_ISA_USAGE = YES_ERROR;
				CLANG_WARN_DOCUMENTATION_COMMENTS = YES;
				CLANG_WARN_EMPTY_BODY = YES;
				CLANG_WARN_ENUM_CONVERSION = YES;
				CLANG_WARN_INFINITE_RECURSION = YES;
				CLANG_WARN_INT_CONVERSION = YES;
				CLANG_WARN_NON_LITERAL_NULL_CONVERSION = YES;
				CLANG_WARN_OBJC_IMPLICIT_RETAIN_SELF = YES;
				CLANG_WARN_OBJC_LITERAL_CONVERSION = YES;
				CLANG_WARN_OBJC_ROOT_CLASS = YES_ERROR;
				CLANG_WARN_QUOTED_INCLUDE_IN_FRAMEWORK_HEADER = YES;
				CLANG_WARN_RANGE_LOOP_ANALYSIS = YES;
				CLANG_WARN_STRICT_PROTOTYPES = YES;
				CLANG_WARN_SUSPICIOUS_MOVE = YES;
				CLANG_WARN_UNGUARDED_AVAILABILITY = YES_AGGRESSIVE;
				CLANG_WARN_UNREACHABLE_CODE = YES;
				CLANG_WARN__DUPLICATE_METHOD_MATCH = YES;
				COPY_PHASE_STRIP = NO;
				DEBUG_INFORMATION_FORMAT = "dwarf-with-dsym";
				ENABLE_NS_ASSERTIONS = NO;
				ENABLE_STRICT_OBJC_MSGSEND = YES;
				GCC_C_LANGUAGE_STANDARD = gnu11;
				GCC_NO_COMMON_BLOCKS = YES;
				GCC_WARN_64_TO_32_BIT_CONVERSION = YES;
				GCC_WARN_ABOUT_RETURN_TYPE = YES_ERROR;
				GCC_WARN_UNDECLARED_SELECTOR = YES;
				GCC_WARN_UNINITIALIZED_AUTOS = YES_AGGRESSIVE;
				GCC_WARN_UNUSED_FUNCTION = YES;
				GCC_WARN_UNUSED_VARIABLE = YES;
				IPHONEOS_DEPLOYMENT_TARGET = 16.1;
				MTL_ENABLE_DEBUG_INFO = NO;
				MTL_FAST_MATH = YES;
				SDKROOT = iphoneos;
				SWIFT_COMPILATION_MODE = wholemodule;
				SWIFT_OPTIMIZATION_LEVEL = "-O";
				VALIDATE_PRODUCT = YES;
			};
			name = Release;
		};
		204EBE83292BE79C001504A3 /* Debug */ = {
			isa = XCBuildConfiguration;
			buildSettings = {
				ASSETCATALOG_COMPILER_APPICON_NAME = AppIcon;
				ASSETCATALOG_COMPILER_GLOBAL_ACCENT_COLOR_NAME = AccentColor;
				CODE_SIGN_ENTITLEMENTS = "Baby Duck Piano/Baby Duck Piano.entitlements";
				CODE_SIGN_STYLE = Automatic;
				CURRENT_PROJECT_VERSION = 3;
				DEVELOPMENT_TEAM = V4B772B3P8;
				GENERATE_INFOPLIST_FILE = YES;
				INFOPLIST_FILE = "Baby Duck Piano/Info.plist";
				INFOPLIST_KEY_CFBundleDisplayName = "Baby Duck Piano";
				INFOPLIST_KEY_LSApplicationCategoryType = "public.app-category.kids-games";
				INFOPLIST_KEY_UIApplicationSupportsIndirectInputEvents = YES;
				INFOPLIST_KEY_UILaunchStoryboardName = LaunchScreen.storyboard;
				INFOPLIST_KEY_UIMainStoryboardFile = Main;
				INFOPLIST_KEY_UIRequiresFullScreen = YES;
				INFOPLIST_KEY_UISupportedInterfaceOrientations = UIInterfaceOrientationLandscapeRight;
				IPHONEOS_DEPLOYMENT_TARGET = 15.0;
				LD_RUNPATH_SEARCH_PATHS = (
					"$(inherited)",
					"@executable_path/Frameworks",
				);
				MARKETING_VERSION = 1.1;
				PRODUCT_BUNDLE_IDENTIFIER = io.suborbital.babyduckpiano;
				PRODUCT_NAME = "$(TARGET_NAME)";
				SWIFT_EMIT_LOC_STRINGS = YES;
				SWIFT_VERSION = 5.0;
				TARGETED_DEVICE_FAMILY = "1,2";
			};
			name = Debug;
		};
		204EBE84292BE79C001504A3 /* Release */ = {
			isa = XCBuildConfiguration;
			buildSettings = {
				ASSETCATALOG_COMPILER_APPICON_NAME = AppIcon;
				ASSETCATALOG_COMPILER_GLOBAL_ACCENT_COLOR_NAME = AccentColor;
				CODE_SIGN_ENTITLEMENTS = "Baby Duck Piano/Baby Duck Piano.entitlements";
				CODE_SIGN_STYLE = Automatic;
				CURRENT_PROJECT_VERSION = 3;
				DEVELOPMENT_TEAM = V4B772B3P8;
				GENERATE_INFOPLIST_FILE = YES;
				INFOPLIST_FILE = "Baby Duck Piano/Info.plist";
				INFOPLIST_KEY_CFBundleDisplayName = "Baby Duck Piano";
				INFOPLIST_KEY_LSApplicationCategoryType = "public.app-category.kids-games";
				INFOPLIST_KEY_UIApplicationSupportsIndirectInputEvents = YES;
				INFOPLIST_KEY_UILaunchStoryboardName = LaunchScreen.storyboard;
				INFOPLIST_KEY_UIMainStoryboardFile = Main;
				INFOPLIST_KEY_UIRequiresFullScreen = YES;
				INFOPLIST_KEY_UISupportedInterfaceOrientations = UIInterfaceOrientationLandscapeRight;
				IPHONEOS_DEPLOYMENT_TARGET = 15.0;
				LD_RUNPATH_SEARCH_PATHS = (
					"$(inherited)",
					"@executable_path/Frameworks",
				);
				MARKETING_VERSION = 1.1;
				PRODUCT_BUNDLE_IDENTIFIER = io.suborbital.babyduckpiano;
				PRODUCT_NAME = "$(TARGET_NAME)";
				SWIFT_EMIT_LOC_STRINGS = YES;
				SWIFT_VERSION = 5.0;
				TARGETED_DEVICE_FAMILY = "1,2";
			};
			name = Release;
		};
/* End XCBuildConfiguration section */

/* Begin XCConfigurationList section */
		204EBE69292BE79B001504A3 /* Build configuration list for PBXProject "Baby Duck Piano" */ = {
			isa = XCConfigurationList;
			buildConfigurations = (
				204EBE80292BE79C001504A3 /* Debug */,
				204EBE81292BE79C001504A3 /* Release */,
			);
			defaultConfigurationIsVisible = 0;
			defaultConfigurationName = Release;
		};
		204EBE82292BE79C001504A3 /* Build configuration list for PBXNativeTarget "Baby Duck Piano" */ = {
			isa = XCConfigurationList;
			buildConfigurations = (
				204EBE83292BE79C001504A3 /* Debug */,
				204EBE84292BE79C001504A3 /* Release */,
			);
			defaultConfigurationIsVisible = 0;
			defaultConfigurationName = Release;
		};
/* End XCConfigurationList section */
	};
	rootObject = 204EBE66292BE79B001504A3 /* Project object */;
}
